
Microsoft Visual Studio Solution File, Format Version 11.00
# Visual Studio 2010
Project("{8BC9CEB8-8B4A-11D0-8D11-00A0C91BC942}") = "RenameByTxt", "VsProjectCleaner\VsProjectCleaner.vcxproj", "{0780A119-54E1-4C9B-825D-E2183363E6CD}"
EndProject
Project("{8BC9CEB8-8B4A-11D0-8D11-00A0C91BC942}") = "tag", "VsProjectCleaner\taglib\tag.vcxproj", "{02A3DEF1-A1D8-31B3-8097-941A97185570}"
EndProject
Global
	GlobalSection(SolutionConfigurationPlatforms) = preSolution
		Debug|x64 = Debug|x64
		MinSizeRel|x64 = MinSizeRel|x64
		Release|x64 = Release|x64
		RelWithDebInfo|x64 = RelWithDebInfo|x64
	EndGlobalSection
	GlobalSection(ProjectConfigurationPlatforms) = postSolution
		{0780A119-54E1-4C9B-825D-E2183363E6CD}.Debug|x64.ActiveCfg = Debug|x64
		{0780A119-54E1-4C9B-825D-E2183363E6CD}.Debug|x64.Build.0 = Debug|x64
		{0780A119-54E1-4C9B-825D-E2183363E6CD}.MinSizeRel|x64.ActiveCfg = Release|x64
		{0780A119-54E1-4C9B-825D-E2183363E6CD}.MinSizeRel|x64.Build.0 = Release|x64
		{0780A119-54E1-4C9B-825D-E2183363E6CD}.Release|x64.ActiveCfg = Release|x64
		{0780A119-54E1-4C9B-825D-E2183363E6CD}.Release|x64.Build.0 = Release|x64
		{0780A119-54E1-4C9B-825D-E2183363E6CD}.RelWithDebInfo|x64.ActiveCfg = Release|x64
		{0780A119-54E1-4C9B-825D-E2183363E6CD}.RelWithDebInfo|x64.Build.0 = Release|x64
		{02A3DEF1-A1D8-31B3-8097-941A97185570}.Debug|x64.ActiveCfg = Debug|x64
		{02A3DEF1-A1D8-31B3-8097-941A97185570}.Debug|x64.Build.0 = Debug|x64
		{02A3DEF1-A1D8-31B3-8097-941A97185570}.MinSizeRel|x64.ActiveCfg = MinSizeRel|x64
		{02A3DEF1-A1D8-31B3-8097-941A97185570}.MinSizeRel|x64.Build.0 = MinSizeRel|x64
		{02A3DEF1-A1D8-31B3-8097-941A97185570}.Release|x64.ActiveCfg = Release|x64
		{02A3DEF1-A1D8-31B3-8097-941A97185570}.Release|x64.Build.0 = Release|x64
		{02A3DEF1-A1D8-31B3-8097-941A97185570}.RelWithDebInfo|x64.ActiveCfg = RelWithDebInfo|x64
		{02A3DEF1-A1D8-31B3-8097-941A97185570}.RelWithDebInfo|x64.Build.0 = RelWithDebInfo|x64
	EndGlobalSection
	GlobalSection(SolutionProperties) = preSolution
		HideSolutionNode = FALSE
	EndGlobalSection
EndGlobal
